{
  "pins" : [
    {
      "identity" : "swiftformat",
      "kind" : "remoteSourceControl",
      "location" : "https://github.com/nicklockwood/SwiftFormat",
      "state" : {
        "revision" : "a8b32a96ec569d5ceec207f19ff411aea5c878f7",
        "version" : "0.51.12"
      }
    }
  ],
  "version" : 2
}
